
Microsoft Visual Studio Solution File, Format Version 12.00
# Visual Studio Version 17
VisualStudioVersion = 17.9.34607.119
MinimumVisualStudioVersion = 10.0.40219.1
Project("{FAE04EC0-301F-11D3-BF4B-00C04F79EFBC}") = "AppCompleta", "AppCompleta\AppCompleta.csproj", "{3C201606-DAA0-4737-A0B1-07A370E3E880}"
EndProject
Global
	GlobalSection(SolutionConfigurationPlatforms) = preSolution
		Debug|Any CPU = Debug|Any CPU
		Debug|x64 = Debug|x64
		Release|Any CPU = Release|Any CPU
		Release|x64 = Release|x64
	EndGlobalSection
	GlobalSection(ProjectConfigurationPlatforms) = postSolution
		{3C201606-DAA0-4737-A0B1-07A370E3E880}.Debug|Any CPU.ActiveCfg = Debug|Any CPU
		{3C201606-DAA0-4737-A0B1-07A370E3E880}.Debug|Any CPU.Build.0 = Debug|Any CPU
		{3C201606-DAA0-4737-A0B1-07A370E3E880}.Debug|Any CPU.Deploy.0 = Debug|Any CPU
		{3C201606-DAA0-4737-A0B1-07A370E3E880}.Debug|x64.ActiveCfg = Debug|x64
		{3C201606-DAA0-4737-A0B1-07A370E3E880}.Debug|x64.Build.0 = Debug|x64
		{3C201606-DAA0-4737-A0B1-07A370E3E880}.Debug|x64.Deploy.0 = Debug|x64
		{3C201606-DAA0-4737-A0B1-07A370E3E880}.Release|Any CPU.ActiveCfg = Release|Any CPU
		{3C201606-DAA0-4737-A0B1-07A370E3E880}.Release|Any CPU.Build.0 = Release|Any CPU
		{3C201606-DAA0-4737-A0B1-07A370E3E880}.Release|Any CPU.Deploy.0 = Release|Any CPU
		{3C201606-DAA0-4737-A0B1-07A370E3E880}.Release|x64.ActiveCfg = Release|x64
		{3C201606-DAA0-4737-A0B1-07A370E3E880}.Release|x64.Build.0 = Release|x64
		{3C201606-DAA0-4737-A0B1-07A370E3E880}.Release|x64.Deploy.0 = Release|x64
	EndGlobalSection
	GlobalSection(SolutionProperties) = preSolution
		HideSolutionNode = FALSE
	EndGlobalSection
	GlobalSection(ExtensibilityGlobals) = postSolution
		SolutionGuid = {66FEB2B4-AEA4-480B-B466-B03FB715C59F}
	EndGlobalSection
EndGlobal
